// !$*UTF8*$!
{
	archiveVersion = 1;
	classes = {
	};
	objectVersion = 48;
	objects = {

/* Begin PBXBuildFile section */
		CEB49405201802C80050BCFA /* AppDelegate.m in Sources */ = {isa = PBXBuildFile; fileRef = CEB49404201802C80050BCFA /* AppDelegate.m */; };
		CEB49408201802C80050BCFA /* ViewController.m in Sources */ = {isa = PBXBuildFile; fileRef = CEB49407201802C80050BCFA /* ViewController.m */; };
		CEB4940B201802C80050BCFA /* Main.storyboard in Resources */ = {isa = PBXBuildFile; fileRef = CEB49409201802C80050BCFA /* Main.storyboard */; };
		CEB4940D201802C80050BCFA /* Assets.xcassets in Resources */ = {isa = PBXBuildFile; fileRef = CEB4940C201802C80050BCFA /* Assets.xcassets */; };
		CEB49410201802C80050BCFA /* LaunchScreen.storyboard in Resources */ = {isa = PBXBuildFile; fileRef = CEB4940E201802C80050BCFA /* LaunchScreen.storyboard */; };
		CEB49413201802C80050BCFA /* main.m in Sources */ = {isa = PBXBuildFile; fileRef = CEB49412201802C80050BCFA /* main.m */; };
/* End PBXBuildFile section */

/* Begin PBXFileReference section */
		CEB49400201802C80050BCFA /* Stack Views Example.app */ = {isa = PBXFileReference; explicitFileType = wrapper.application; includeInIndex = 0; path = "Stack Views Example.app"; sourceTree = BUILT_PRODUCTS_DIR; };
		CEB49403201802C80050BCFA /* AppDelegate.h */ = {isa = PBXFileReference; lastKnownFileType = sourcecode.c.h; path = AppDelegate.h; sourceTree = "<group>"; };
		CEB49404201802C80050BCFA /* AppDelegate.m */ = {isa = PBXFileReference; lastKnownFileType = sourcecode.c.objc; path = AppDelegate.m; sourceTree = "<group>"; };
		CEB49406201802C80050BCFA /* ViewController.h */ = {isa = PBXFileReference; lastKnownFileType = sourcecode.c.h; path = ViewController.h; sourceTree = "<group>"; };
		CEB49407201802C80050BCFA /* ViewController.m */ = {isa = PBXFileReference; lastKnownFileType = sourcecode.c.objc; path = ViewController.m; sourceTree = "<group>"; };
		CEB4940A201802C80050BCFA /* Base */ = {isa = PBXFileReference; lastKnownFileType = file.storyboard; name = Base; path = Base.lproj/Main.storyboard; sourceTree = "<group>"; };
		CEB4940C201802C80050BCFA /* Assets.xcassets */ = {isa = PBXFileReference; lastKnownFileType = folder.assetcatalog; path = Assets.xcassets; sourceTree = "<group>"; };
		CEB4940F201802C80050BCFA /* Base */ = {isa = PBXFileReference; lastKnownFileType = file.storyboard; name = Base; path = Base.lproj/LaunchScreen.storyboard; sourceTree = "<group>"; };
		CEB49411201802C80050BCFA /* Info.plist */ = {isa = PBXFileReference; lastKnownFileType = text.plist.xml; path = Info.plist; sourceTree = "<group>"; };
		CEB49412201802C80050BCFA /* main.m */ = {isa = PBXFileReference; lastKnownFileType = sourcecode.c.objc; path = main.m; sourceTree = "<group>"; };
/* End PBXFileReference section */

/* Begin PBXFrameworksBuildPhase section */
		CEB493FD201802C80050BCFA /* Frameworks */ = {
			isa = PBXFrameworksBuildPhase;
			buildActionMask = 2147483647;
			files = (
			);
			runOnlyForDeploymentPostprocessing = 0;
		};
/* End PBXFrameworksBuildPhase section */

/* Begin PBXGroup section */
		CEB493F7201802C80050BCFA = {
			isa = PBXGroup;
			children = (
				CEB49402201802C80050BCFA /* Stack Views Example */,
				CEB49401201802C80050BCFA /* Products */,
			);
			sourceTree = "<group>";
		};
		CEB49401201802C80050BCFA /* Products */ = {
			isa = PBXGroup;
			children = (
				CEB49400201802C80050BCFA /* Stack Views Example.app */,
			);
			name = Products;
			sourceTree = "<group>";
		};
		CEB49402201802C80050BCFA /* Stack Views Example */ = {
			isa = PBXGroup;
			children = (
				CEB49403201802C80050BCFA /* AppDelegate.h */,
				CEB49404201802C80050BCFA /* AppDelegate.m */,
				CEB49406201802C80050BCFA /* ViewController.h */,
				CEB49407201802C80050BCFA /* ViewController.m */,
				CEB49409201802C80050BCFA /* Main.storyboard */,
				CEB4940C201802C80050BCFA /* Assets.xcassets */,
				CEB4940E201802C80050BCFA /* LaunchScreen.storyboard */,
				CEB49411201802C80050BCFA /* Info.plist */,
				CEB49412201802C80050BCFA /* main.m */,
			);
			path = "Stack Views Example";
			sourceTree = "<group>";
		};
/* End PBXGroup section */

/* Begin PBXNativeTarget section */
		CEB493FF201802C80050BCFA /* Stack Views Example */ = {
			isa = PBXNativeTarget;
			buildConfigurationList = CEB49416201802C80050BCFA /* Build configuration list for PBXNativeTarget "Stack Views Example" */;
			buildPhases = (
				CEB493FC201802C80050BCFA /* Sources */,
				CEB493FD201802C80050BCFA /* Frameworks */,
				CEB493FE201802C80050BCFA /* Resources */,
			);
			buildRules = (
			);
			dependencies = (
			);
			name = "Stack Views Example";
			productName = "Stack Views Example";
			productReference = CEB49400201802C80050BCFA /* Stack Views Example.app */;
			productType = "com.apple.product-type.application";
		};
/* End PBXNativeTarget section */

/* Begin PBXProject section */
		CEB493F8201802C80050BCFA /* Project object */ = {
			isa = PBXProject;
			attributes = {
				LastUpgradeCheck = 0920;
				ORGANIZATIONNAME = JacquesFournier;
				TargetAttributes = {
					CEB493FF201802C80050BCFA = {
						CreatedOnToolsVersion = 9.2;
						ProvisioningStyle = Automatic;
					};
				};
			};
			buildConfigurationList = CEB493FB201802C80050BCFA /* Build configuration list for PBXProject "Stack Views Example" */;
			compatibilityVersion = "Xcode 8.0";
			developmentRegion = en;
			hasScannedForEncodings = 0;
			knownRegions = (
				en,
				Base,
			);
			mainGroup = CEB493F7201802C80050BCFA;
			productRefGroup = CEB49401201802C80050BCFA /* Products */;
			projectDirPath = "";
			projectRoot = "";
			targets = (
				CEB493FF201802C80050BCFA /* Stack Views Example */,
			);
		};
/* End PBXProject section */

/* Begin PBXResourcesBuildPhase section */
		CEB493FE201802C80050BCFA /* Resources */ = {
			isa = PBXResourcesBuildPhase;
			buildActionMask = 2147483647;
			files = (
				CEB49410201802C80050BCFA /* LaunchScreen.storyboard in Resources */,
				CEB4940D201802C80050BCFA /* Assets.xcassets in Resources */,
				CEB4940B201802C80050BCFA /* Main.storyboard in Resources */,
			);
			runOnlyForDeploymentPostprocessing = 0;
		};
/* End PBXResourcesBuildPhase section */

/* Begin PBXSourcesBuildPhase section */
		CEB493FC201802C80050BCFA /* Sources */ = {
			isa = PBXSourcesBuildPhase;
			buildActionMask = 2147483647;
			files = (
				CEB49408201802C80050BCFA /* ViewController.m in Sources */,
				CEB49413201802C80050BCFA /* main.m in Sources */,
				CEB49405201802C80050BCFA /* AppDelegate.m in Sources */,
			);
			runOnlyForDeploymentPostprocessing = 0;
		};
/* End PBXSourcesBuildPhase section */

/* Begin PBXVariantGroup section */
		CEB49409201802C80050BCFA /* Main.storyboard */ = {
			isa = PBXVariantGroup;
			children = (
				CEB4940A201802C80050BCFA /* Base */,
			);
			name = Main.storyboard;
			sourceTree = "<group>";
		};
		CEB4940E201802C80050BCFA /* LaunchScreen.storyboard */ = {
			isa = PBXVariantGroup;
			children = (
				CEB4940F201802C80050BCFA /* Base */,
			);
			name = LaunchScreen.storyboard;
			sourceTree = "<group>";
		};
/* End PBXVariantGroup section */

/* Begin XCBuildConfiguration section */
		CEB49414201802C80050BCFA /* Debug */ = {
			isa = XCBuildConfiguration;
			buildSettings = {
				ALWAYS_SEARCH_USER_PATHS = NO;
				CLANG_ANALYZER_NONNULL = YES;
				CLANG_ANALYZER_NUMBER_OBJECT_CONVERSION = YES_AGGRESSIVE;
				CLANG_CXX_LANGUAGE_STANDARD = "gnu++14";
				CLANG_CXX_LIBRARY = "libc++";
				CLANG_ENABLE_MODULES = YES;
				CLANG_ENABLE_OBJC_ARC = YES;
				CLANG_WARN_BLOCK_CAPTURE_AUTORELEASING = YES;
				CLANG_WARN_BOOL_CONVERSION = YES;
				CLANG_WARN_COMMA = YES;
				CLANG_WARN_CONSTANT_CONVERSION = YES;
				CLANG_WARN_DIRECT_OBJC_ISA_USAGE = YES_ERROR;
				CLANG_WARN_DOCUMENTATION_COMMENTS = YES;
				CLANG_WARN_EMPTY_BODY = YES;
				CLANG_WARN_ENUM_CONVERSION = YES;
				CLANG_WARN_INFINITE_RECURSION = YES;
				CLANG_WARN_INT_CONVERSION = YES;
				CLANG_WARN_NON_LITERAL_NULL_CONVERSION = YES;
				CLANG_WARN_OBJC_LITERAL_CONVERSION = YES;
				CLANG_WARN_OBJC_ROOT_CLASS = YES_ERROR;
				CLANG_WARN_RANGE_LOOP_ANALYSIS = YES;
				CLANG_WARN_STRICT_PROTOTYPES = YES;
				CLANG_WARN_SUSPICIOUS_MOVE = YES;
				CLANG_WARN_UNGUARDED_AVAILABILITY = YES_AGGRESSIVE;
				CLANG_WARN_UNREACHABLE_CODE = YES;
				CLANG_WARN__DUPLICATE_METHOD_MATCH = YES;
				CODE_SIGN_IDENTITY = "iPhone Developer";
				COPY_PHASE_STRIP = NO;
				DEBUG_INFORMATION_FORMAT = dwarf;
				ENABLE_STRICT_OBJC_MSGSEND = YES;
				ENABLE_TESTABILITY = YES;
				GCC_C_LANGUAGE_STANDARD = gnu11;
				GCC_DYNAMIC_NO_PIC = NO;
				GCC_NO_COMMON_BLOCKS = YES;
				GCC_OPTIMIZATION_LEVEL = 0;
				GCC_PREPROCESSOR_DEFINITIONS = (
					"DEBUG=1",
					"$(inherited)",
				);
				GCC_WARN_64_TO_32_BIT_CONVERSION = YES;
				GCC_WARN_ABOUT_RETURN_TYPE = YES_ERROR;
				GCC_WARN_UNDECLARED_SELECTOR = YES;
				GCC_WARN_UNINITIALIZED_AUTOS = YES_AGGRESSIVE;
				GCC_WARN_UNUSED_FUNCTION = YES;
				GCC_WARN_UNUSED_VARIABLE = YES;
				IPHONEOS_DEPLOYMENT_TARGET = 11.2;
				MTL_ENABLE_DEBUG_INFO = YES;
				ONLY_ACTIVE_ARCH = YES;
				SDKROOT = iphoneos;
			};
			name = Debug;
		};
		CEB49415201802C80050BCFA /* Release */ = {
			isa = XCBuildConfiguration;
			buildSettings = {
				ALWAYS_SEARCH_USER_PATHS = NO;
				CLANG_ANALYZER_NONNULL = YES;
				CLANG_ANALYZER_NUMBER_OBJECT_CONVERSION = YES_AGGRESSIVE;
				CLANG_CXX_LANGUAGE_STANDARD = "gnu++14";
				CLANG_CXX_LIBRARY = "libc++";
				CLANG_ENABLE_MODULES = YES;
				CLANG_ENABLE_OBJC_ARC = YES;
				CLANG_WARN_BLOCK_CAPTURE_AUTORELEASING = YES;
				CLANG_WARN_BOOL_CONVERSION = YES;
				CLANG_WARN_COMMA = YES;
				CLANG_WARN_CONSTANT_CONVERSION = YES;
				CLANG_WARN_DIRECT_OBJC_ISA_USAGE = YES_ERROR;
				CLANG_WARN_DOCUMENTATION_COMMENTS = YES;
				CLANG_WARN_EMPTY_BODY = YES;
				CLANG_WARN_ENUM_CONVERSION = YES;
				CLANG_WARN_INFINITE_RECURSION = YES;
				CLANG_WARN_INT_CONVERSION = YES;
				CLANG_WARN_NON_LITERAL_NULL_CONVERSION = YES;
				CLANG_WARN_OBJC_LITERAL_CONVERSION = YES;
				CLANG_WARN_OBJC_ROOT_CLASS = YES_ERROR;
				CLANG_WARN_RANGE_LOOP_ANALYSIS = YES;
				CLANG_WARN_STRICT_PROTOTYPES = YES;
				CLANG_WARN_SUSPICIOUS_MOVE = YES;
				CLANG_WARN_UNGUARDED_AVAILABILITY = YES_AGGRESSIVE;
				CLANG_WARN_UNREACHABLE_CODE = YES;
				CLANG_WARN__DUPLICATE_METHOD_MATCH = YES;
				CODE_SIGN_IDENTITY = "iPhone Developer";
				COPY_PHASE_STRIP = NO;
				DEBUG_INFORMATION_FORMAT = "dwarf-with-dsym";
				ENABLE_NS_ASSERTIONS = NO;
				ENABLE_STRICT_OBJC_MSGSEND = YES;
				GCC_C_LANGUAGE_STANDARD = gnu11;
				GCC_NO_COMMON_BLOCKS = YES;
				GCC_WARN_64_TO_32_BIT_CONVERSION = YES;
				GCC_WARN_ABOUT_RETURN_TYPE = YES_ERROR;
				GCC_WARN_UNDECLARED_SELECTOR = YES;
				GCC_WARN_UNINITIALIZED_AUTOS = YES_AGGRESSIVE;
				GCC_WARN_UNUSED_FUNCTION = YES;
				GCC_WARN_UNUSED_VARIABLE = YES;
				IPHONEOS_DEPLOYMENT_TARGET = 11.2;
				MTL_ENABLE_DEBUG_INFO = NO;
				SDKROOT = iphoneos;
				VALIDATE_PRODUCT = YES;
			};
			name = Release;
		};
		CEB49417201802C80050BCFA /* Debug */ = {
			isa = XCBuildConfiguration;
			buildSettings = {
				ASSETCATALOG_COMPILER_APPICON_NAME = AppIcon;
				CODE_SIGN_STYLE = Automatic;
				DEVELOPMENT_TEAM = 485V5W4XG8;
				INFOPLIST_FILE = "Stack Views Example/Info.plist";
				LD_RUNPATH_SEARCH_PATHS = "$(inherited) @executable_path/Frameworks";
				PRODUCT_BUNDLE_IDENTIFIER = "com.JacquesFournier.Stack-Views-Example";
				PRODUCT_NAME = "$(TARGET_NAME)";
				TARGETED_DEVICE_FAMILY = "1,2";
			};
			name = Debug;
		};
		CEB49418201802C80050BCFA /* Release */ = {
			isa = XCBuildConfiguration;
			buildSettings = {
				ASSETCATALOG_COMPILER_APPICON_NAME = AppIcon;
				CODE_SIGN_STYLE = Automatic;
				DEVELOPMENT_TEAM = 485V5W4XG8;
				INFOPLIST_FILE = "Stack Views Example/Info.plist";
				LD_RUNPATH_SEARCH_PATHS = "$(inherited) @executable_path/Frameworks";
				PRODUCT_BUNDLE_IDENTIFIER = "com.JacquesFournier.Stack-Views-Example";
				PRODUCT_NAME = "$(TARGET_NAME)";
				TARGETED_DEVICE_FAMILY = "1,2";
			};
			name = Release;
		};
/* End XCBuildConfiguration section */

/* Begin XCConfigurationList section */
		CEB493FB201802C80050BCFA /* Build configuration list for PBXProject "Stack Views Example" */ = {
			isa = XCConfigurationList;
			buildConfigurations = (
				CEB49414201802C80050BCFA /* Debug */,
				CEB49415201802C80050BCFA /* Release */,
			);
			defaultConfigurationIsVisible = 0;
			defaultConfigurationName = Release;
		};
		CEB49416201802C80050BCFA /* Build configuration list for PBXNativeTarget "Stack Views Example" */ = {
			isa = XCConfigurationList;
			buildConfigurations = (
				CEB49417201802C80050BCFA /* Debug */,
				CEB49418201802C80050BCFA /* Release */,
			);
			defaultConfigurationIsVisible = 0;
			defaultConfigurationName = Release;
		};
/* End XCConfigurationList section */
	};
	rootObject = CEB493F8201802C80050BCFA /* Project object */;
}
